
Microsoft Visual Studio Solution File, Format Version 12.00
# Visual Studio Version 17
VisualStudioVersion = 17.5.33414.496
MinimumVisualStudioVersion = 10.0.40219.1
Project("{FAE04EC0-301F-11D3-BF4B-00C04F79EFBC}") = "Proje_Hastane", "Proje_Hastane\Proje_Hastane.csproj", "{E2F8EC67-ACBE-4A96-89D2-CCB4A2508505}"
EndProject
Global
	GlobalSection(SolutionConfigurationPlatforms) = preSolution
		Debug|Any CPU = Debug|Any CPU
		Release|Any CPU = Release|Any CPU
	EndGlobalSection
	GlobalSection(ProjectConfigurationPlatforms) = postSolution
		{E2F8EC67-ACBE-4A96-89D2-CCB4A2508505}.Debug|Any CPU.ActiveCfg = Debug|Any CPU
		{E2F8EC67-ACBE-4A96-89D2-CCB4A2508505}.Debug|Any CPU.Build.0 = Debug|Any CPU
		{E2F8EC67-ACBE-4A96-89D2-CCB4A2508505}.Release|Any CPU.ActiveCfg = Release|Any CPU
		{E2F8EC67-ACBE-4A96-89D2-CCB4A2508505}.Release|Any CPU.Build.0 = Release|Any CPU
	EndGlobalSection
	GlobalSection(SolutionProperties) = preSolution
		HideSolutionNode = FALSE
	EndGlobalSection
	GlobalSection(ExtensibilityGlobals) = postSolution
		SolutionGuid = {7069AAF6-78C5-4754-89ED-ED8F3D254F2E}
	EndGlobalSection
EndGlobal
